
Microsoft Visual Studio Solution File, Format Version 12.00
# Visual Studio Version 17
VisualStudioVersion = 17.7.34009.444
MinimumVisualStudioVersion = 10.0.40219.1
Project("{8BC9CEB8-8B4A-11D0-8D11-00A0C91BC942}") = "Standard Template Library", "Standard Template Library\Standard Template Library.vcxproj", "{AED8F6B6-E578-42D4-82D5-E88C2693D2AF}"
EndProject
Global
	GlobalSection(SolutionConfigurationPlatforms) = preSolution
		Debug|x64 = Debug|x64
		Debug|x86 = Debug|x86
		Release|x64 = Release|x64
		Release|x86 = Release|x86
	EndGlobalSection
	GlobalSection(ProjectConfigurationPlatforms) = postSolution
		{AED8F6B6-E578-42D4-82D5-E88C2693D2AF}.Debug|x64.ActiveCfg = Debug|x64
		{AED8F6B6-E578-42D4-82D5-E88C2693D2AF}.Debug|x64.Build.0 = Debug|x64
		{AED8F6B6-E578-42D4-82D5-E88C2693D2AF}.Debug|x86.ActiveCfg = Debug|Win32
		{AED8F6B6-E578-42D4-82D5-E88C2693D2AF}.Debug|x86.Build.0 = Debug|Win32
		{AED8F6B6-E578-42D4-82D5-E88C2693D2AF}.Release|x64.ActiveCfg = Release|x64
		{AED8F6B6-E578-42D4-82D5-E88C2693D2AF}.Release|x64.Build.0 = Release|x64
		{AED8F6B6-E578-42D4-82D5-E88C2693D2AF}.Release|x86.ActiveCfg = Release|Win32
		{AED8F6B6-E578-42D4-82D5-E88C2693D2AF}.Release|x86.Build.0 = Release|Win32
	EndGlobalSection
	GlobalSection(SolutionProperties) = preSolution
		HideSolutionNode = FALSE
	EndGlobalSection
	GlobalSection(ExtensibilityGlobals) = postSolution
		SolutionGuid = {F5180D23-5477-4A3B-AD35-BC4E55766A9A}
	EndGlobalSection
EndGlobal
